// !$*UTF8*$!
{
	archiveVersion = 1;
	classes = {
	};
	objectVersion = 46;
	objects = {

/* Begin PBXBuildFile section */
		81503103160B3AB4000E0DCE /* main.c in Sources */ = {isa = PBXBuildFile; fileRef = 81503102160B3AB4000E0DCE /* main.c */; };
		81503105160B3AB4000E0DCE /* t6c1e1.1 in CopyFiles */ = {isa = PBXBuildFile; fileRef = 81503104160B3AB4000E0DCE /* t6c1e1.1 */; };
/* End PBXBuildFile section */

/* Begin PBXCopyFilesBuildPhase section */
		815030FC160B3AB4000E0DCE /* CopyFiles */ = {
			isa = PBXCopyFilesBuildPhase;
			buildActionMask = 2147483647;
			dstPath = /usr/share/man/man1/;
			dstSubfolderSpec = 0;
			files = (
				81503105160B3AB4000E0DCE /* t6c1e1.1 in CopyFiles */,
			);
			runOnlyForDeploymentPostprocessing = 1;
		};
/* End PBXCopyFilesBuildPhase section */

/* Begin PBXFileReference section */
		815030FE160B3AB4000E0DCE /* t6c1e1 */ = {isa = PBXFileReference; explicitFileType = "compiled.mach-o.executable"; includeInIndex = 0; path = t6c1e1; sourceTree = BUILT_PRODUCTS_DIR; };
		81503102160B3AB4000E0DCE /* main.c */ = {isa = PBXFileReference; lastKnownFileType = sourcecode.c.c; path = main.c; sourceTree = "<group>"; };
		81503104160B3AB4000E0DCE /* t6c1e1.1 */ = {isa = PBXFileReference; lastKnownFileType = text.man; path = t6c1e1.1; sourceTree = "<group>"; };
/* End PBXFileReference section */

/* Begin PBXFrameworksBuildPhase section */
		815030FB160B3AB4000E0DCE /* Frameworks */ = {
			isa = PBXFrameworksBuildPhase;
			buildActionMask = 2147483647;
			files = (
			);
			runOnlyForDeploymentPostprocessing = 0;
		};
/* End PBXFrameworksBuildPhase section */

/* Begin PBXGroup section */
		815030F3160B3AB4000E0DCE = {
			isa = PBXGroup;
			children = (
				81503101160B3AB4000E0DCE /* t6c1e1 */,
				815030FF160B3AB4000E0DCE /* Products */,
			);
			sourceTree = "<group>";
		};
		815030FF160B3AB4000E0DCE /* Products */ = {
			isa = PBXGroup;
			children = (
				815030FE160B3AB4000E0DCE /* t6c1e1 */,
			);
			name = Products;
			sourceTree = "<group>";
		};
		81503101160B3AB4000E0DCE /* t6c1e1 */ = {
			isa = PBXGroup;
			children = (
				81503102160B3AB4000E0DCE /* main.c */,
				81503104160B3AB4000E0DCE /* t6c1e1.1 */,
			);
			path = t6c1e1;
			sourceTree = "<group>";
		};
/* End PBXGroup section */

/* Begin PBXNativeTarget section */
		815030FD160B3AB4000E0DCE /* t6c1e1 */ = {
			isa = PBXNativeTarget;
			buildConfigurationList = 81503108160B3AB4000E0DCE /* Build configuration list for PBXNativeTarget "t6c1e1" */;
			buildPhases = (
				815030FA160B3AB4000E0DCE /* Sources */,
				815030FB160B3AB4000E0DCE /* Frameworks */,
				815030FC160B3AB4000E0DCE /* CopyFiles */,
			);
			buildRules = (
			);
			dependencies = (
			);
			name = t6c1e1;
			productName = t6c1e1;
			productReference = 815030FE160B3AB4000E0DCE /* t6c1e1 */;
			productType = "com.apple.product-type.tool";
		};
/* End PBXNativeTarget section */

/* Begin PBXProject section */
		815030F5160B3AB4000E0DCE /* Project object */ = {
			isa = PBXProject;
			attributes = {
				LastUpgradeCheck = 0440;
				ORGANIZATIONNAME = "Vicente Cubells Nonell";
			};
			buildConfigurationList = 815030F8160B3AB4000E0DCE /* Build configuration list for PBXProject "t6c1e1" */;
			compatibilityVersion = "Xcode 3.2";
			developmentRegion = English;
			hasScannedForEncodings = 0;
			knownRegions = (
				en,
			);
			mainGroup = 815030F3160B3AB4000E0DCE;
			productRefGroup = 815030FF160B3AB4000E0DCE /* Products */;
			projectDirPath = "";
			projectRoot = "";
			targets = (
				815030FD160B3AB4000E0DCE /* t6c1e1 */,
			);
		};
/* End PBXProject section */

/* Begin PBXSourcesBuildPhase section */
		815030FA160B3AB4000E0DCE /* Sources */ = {
			isa = PBXSourcesBuildPhase;
			buildActionMask = 2147483647;
			files = (
				81503103160B3AB4000E0DCE /* main.c in Sources */,
			);
			runOnlyForDeploymentPostprocessing = 0;
		};
/* End PBXSourcesBuildPhase section */

/* Begin XCBuildConfiguration section */
		81503106160B3AB4000E0DCE /* Debug */ = {
			isa = XCBuildConfiguration;
			buildSettings = {
				ALWAYS_SEARCH_USER_PATHS = NO;
				ARCHS = "$(ARCHS_STANDARD_64_BIT)";
				CLANG_CXX_LANGUAGE_STANDARD = "gnu++0x";
				CLANG_ENABLE_OBJC_ARC = YES;
				CLANG_WARN__DUPLICATE_METHOD_MATCH = YES;
				COPY_PHASE_STRIP = NO;
				GCC_C_LANGUAGE_STANDARD = gnu99;
				GCC_DYNAMIC_NO_PIC = NO;
				GCC_ENABLE_OBJC_EXCEPTIONS = YES;
				GCC_OPTIMIZATION_LEVEL = 0;
				GCC_PREPROCESSOR_DEFINITIONS = (
					"DEBUG=1",
					"$(inherited)",
				);
				GCC_SYMBOLS_PRIVATE_EXTERN = NO;
				GCC_WARN_64_TO_32_BIT_CONVERSION = YES;
				GCC_WARN_ABOUT_RETURN_TYPE = YES;
				GCC_WARN_UNINITIALIZED_AUTOS = YES;
				GCC_WARN_UNUSED_VARIABLE = YES;
				MACOSX_DEPLOYMENT_TARGET = 10.8;
				ONLY_ACTIVE_ARCH = YES;
				SDKROOT = macosx;
			};
			name = Debug;
		};
		81503107160B3AB4000E0DCE /* Release */ = {
			isa = XCBuildConfiguration;
			buildSettings = {
				ALWAYS_SEARCH_USER_PATHS = NO;
				ARCHS = "$(ARCHS_STANDARD_64_BIT)";
				CLANG_CXX_LANGUAGE_STANDARD = "gnu++0x";
				CLANG_ENABLE_OBJC_ARC = YES;
				CLANG_WARN__DUPLICATE_METHOD_MATCH = YES;
				COPY_PHASE_STRIP = YES;
				DEBUG_INFORMATION_FORMAT = "dwarf-with-dsym";
				GCC_C_LANGUAGE_STANDARD = gnu99;
				GCC_ENABLE_OBJC_EXCEPTIONS = YES;
				GCC_WARN_64_TO_32_BIT_CONVERSION = YES;
				GCC_WARN_ABOUT_RETURN_TYPE = YES;
				GCC_WARN_UNINITIALIZED_AUTOS = YES;
				GCC_WARN_UNUSED_VARIABLE = YES;
				MACOSX_DEPLOYMENT_TARGET = 10.8;
				SDKROOT = macosx;
			};
			name = Release;
		};
		81503109160B3AB4000E0DCE /* Debug */ = {
			isa = XCBuildConfiguration;
			buildSettings = {
				PRODUCT_NAME = "$(TARGET_NAME)";
			};
			name = Debug;
		};
		8150310A160B3AB4000E0DCE /* Release */ = {
			isa = XCBuildConfiguration;
			buildSettings = {
				PRODUCT_NAME = "$(TARGET_NAME)";
			};
			name = Release;
		};
/* End XCBuildConfiguration section */

/* Begin XCConfigurationList section */
		815030F8160B3AB4000E0DCE /* Build configuration list for PBXProject "t6c1e1" */ = {
			isa = XCConfigurationList;
			buildConfigurations = (
				81503106160B3AB4000E0DCE /* Debug */,
				81503107160B3AB4000E0DCE /* Release */,
			);
			defaultConfigurationIsVisible = 0;
			defaultConfigurationName = Release;
		};
		81503108160B3AB4000E0DCE /* Build configuration list for PBXNativeTarget "t6c1e1" */ = {
			isa = XCConfigurationList;
			buildConfigurations = (
				81503109160B3AB4000E0DCE /* Debug */,
				8150310A160B3AB4000E0DCE /* Release */,
			);
			defaultConfigurationIsVisible = 0;
		};
/* End XCConfigurationList section */
	};
	rootObject = 815030F5160B3AB4000E0DCE /* Project object */;
}
